
Microsoft Visual Studio Solution File, Format Version 12.00
# Visual Studio 14
VisualStudioVersion = 14.0.23107.0
MinimumVisualStudioVersion = 10.0.40219.1
Project("{2150E333-8FDC-42A3-9474-1A3956D46DE8}") = "Documentation", "Documentation", "{009D8454-B23B-4220-AE98-143D5E832E35}"
EndProject
Project("{2150E333-8FDC-42A3-9474-1A3956D46DE8}") = "Domain", "Domain", "{7F6DB1EE-83E0-4F10-B1A4-1A637425FF83}"
EndProject
Project("{2150E333-8FDC-42A3-9474-1A3956D46DE8}") = "Presentation", "Presentation", "{9BCF3309-1090-4F97-82D6-2A4EE5E28268}"
EndProject
Project("{2150E333-8FDC-42A3-9474-1A3956D46DE8}") = "Abstractions", "Abstractions", "{3FD63A54-C17C-437D-A9EB-67B8513EFE30}"
EndProject
Project("{FAE04EC0-301F-11D3-BF4B-00C04F79EFBC}") = "MyMoney.Domain.Abstractions", "Domain\Abstractions\MyMoney.Domain.Abstractions.csproj", "{707BFC5D-FF6E-4AF7-AAF8-42EBBDB63F19}"
EndProject
Project("{2150E333-8FDC-42A3-9474-1A3956D46DE8}") = "BasicImplementations", "BasicImplementations", "{1395605E-8BF4-41AA-979D-8285D1847DA8}"
EndProject
Project("{FAE04EC0-301F-11D3-BF4B-00C04F79EFBC}") = "MyMoney.Domain.BasicImplementations", "Domain\BasicImplementations\MyMoney.Domain.BasicImplementations.csproj", "{326708CA-CBF3-490B-82AD-26C7380608EF}"
EndProject
Project("{2150E333-8FDC-42A3-9474-1A3956D46DE8}") = "Infrastructure", "Infrastructure", "{951720D9-E1C1-4E20-9A73-C4E23F4C3AAF}"
EndProject
Project("{2150E333-8FDC-42A3-9474-1A3956D46DE8}") = "EntityFramework", "EntityFramework", "{87616605-D520-4B04-B88C-58D5D2091774}"
EndProject
Project("{FAE04EC0-301F-11D3-BF4B-00C04F79EFBC}") = "MyMoney.Domain.Infrastructure.EntityFramework", "Domain\Infrastructure\EntityFramework\MyMoney.Domain.Infrastructure.EntityFramework.csproj", "{9CB8BBCA-8524-4EB9-896E-BAA1A5C25867}"
EndProject
Project("{2150E333-8FDC-42A3-9474-1A3956D46DE8}") = "OrigoDb", "OrigoDb", "{9703539B-C930-43FB-86AF-FAF996CF4CD6}"
EndProject
Project("{FAE04EC0-301F-11D3-BF4B-00C04F79EFBC}") = "MyMoney.Domain.Infrastructure.OrigoDb", "Domain\Infrastructure\OrigoDb\MyMoney.Domain.Infrastructure.OrigoDb.csproj", "{022B8DE1-774E-400D-95AC-ACEDEDB5B758}"
EndProject
Project("{2150E333-8FDC-42A3-9474-1A3956D46DE8}") = "Application", "Application", "{FE11BBBE-EDF4-4235-903A-96FCC34FCE65}"
EndProject
Project("{FAE04EC0-301F-11D3-BF4B-00C04F79EFBC}") = "MyMoney.Domain.Application", "Domain\Application\MyMoney.Domain.Application.csproj", "{A4F46AF5-B281-4173-A6DB-112787D4D7CE}"
EndProject
Project("{FAE04EC0-301F-11D3-BF4B-00C04F79EFBC}") = "MyMoney.Domain.Application.WebServices", "Domain\Application.WebServices\MyMoney.Domain.Application.WebServices.csproj", "{76F7DEB3-2FF8-4244-A93C-B4FCACAF631A}"
EndProject
Project("{2150E333-8FDC-42A3-9474-1A3956D46DE8}") = "Configuration", "Configuration", "{4A6BCE92-3D86-49EA-9C62-BE59CC2A83DD}"
EndProject
Project("{FAE04EC0-301F-11D3-BF4B-00C04F79EFBC}") = "MyMoney.Configuration", "Configuration\MyMoney.Configuration.csproj", "{A6BF2FA5-779A-4F8A-8872-38215822809A}"
EndProject
Project("{FAE04EC0-301F-11D3-BF4B-00C04F79EFBC}") = "MyMoney.Presentation.AngularSPA", "Presentation\AngularSPA\MyMoney.Presentation.AngularSPA.csproj", "{42312DD4-C0D1-4287-AD91-203A5FABBEA1}"
EndProject
Global
	GlobalSection(SolutionConfigurationPlatforms) = preSolution
		Debug|Any CPU = Debug|Any CPU
		Release|Any CPU = Release|Any CPU
	EndGlobalSection
	GlobalSection(ProjectConfigurationPlatforms) = postSolution
		{707BFC5D-FF6E-4AF7-AAF8-42EBBDB63F19}.Debug|Any CPU.ActiveCfg = Debug|Any CPU
		{707BFC5D-FF6E-4AF7-AAF8-42EBBDB63F19}.Debug|Any CPU.Build.0 = Debug|Any CPU
		{707BFC5D-FF6E-4AF7-AAF8-42EBBDB63F19}.Release|Any CPU.ActiveCfg = Release|Any CPU
		{707BFC5D-FF6E-4AF7-AAF8-42EBBDB63F19}.Release|Any CPU.Build.0 = Release|Any CPU
		{326708CA-CBF3-490B-82AD-26C7380608EF}.Debug|Any CPU.ActiveCfg = Debug|Any CPU
		{326708CA-CBF3-490B-82AD-26C7380608EF}.Debug|Any CPU.Build.0 = Debug|Any CPU
		{326708CA-CBF3-490B-82AD-26C7380608EF}.Release|Any CPU.ActiveCfg = Release|Any CPU
		{326708CA-CBF3-490B-82AD-26C7380608EF}.Release|Any CPU.Build.0 = Release|Any CPU
		{9CB8BBCA-8524-4EB9-896E-BAA1A5C25867}.Debug|Any CPU.ActiveCfg = Debug|Any CPU
		{9CB8BBCA-8524-4EB9-896E-BAA1A5C25867}.Debug|Any CPU.Build.0 = Debug|Any CPU
		{9CB8BBCA-8524-4EB9-896E-BAA1A5C25867}.Release|Any CPU.ActiveCfg = Release|Any CPU
		{9CB8BBCA-8524-4EB9-896E-BAA1A5C25867}.Release|Any CPU.Build.0 = Release|Any CPU
		{022B8DE1-774E-400D-95AC-ACEDEDB5B758}.Debug|Any CPU.ActiveCfg = Debug|Any CPU
		{022B8DE1-774E-400D-95AC-ACEDEDB5B758}.Debug|Any CPU.Build.0 = Debug|Any CPU
		{022B8DE1-774E-400D-95AC-ACEDEDB5B758}.Release|Any CPU.ActiveCfg = Release|Any CPU
		{022B8DE1-774E-400D-95AC-ACEDEDB5B758}.Release|Any CPU.Build.0 = Release|Any CPU
		{A4F46AF5-B281-4173-A6DB-112787D4D7CE}.Debug|Any CPU.ActiveCfg = Debug|Any CPU
		{A4F46AF5-B281-4173-A6DB-112787D4D7CE}.Debug|Any CPU.Build.0 = Debug|Any CPU
		{A4F46AF5-B281-4173-A6DB-112787D4D7CE}.Release|Any CPU.ActiveCfg = Release|Any CPU
		{A4F46AF5-B281-4173-A6DB-112787D4D7CE}.Release|Any CPU.Build.0 = Release|Any CPU
		{76F7DEB3-2FF8-4244-A93C-B4FCACAF631A}.Debug|Any CPU.ActiveCfg = Debug|Any CPU
		{76F7DEB3-2FF8-4244-A93C-B4FCACAF631A}.Debug|Any CPU.Build.0 = Debug|Any CPU
		{76F7DEB3-2FF8-4244-A93C-B4FCACAF631A}.Release|Any CPU.ActiveCfg = Release|Any CPU
		{76F7DEB3-2FF8-4244-A93C-B4FCACAF631A}.Release|Any CPU.Build.0 = Release|Any CPU
		{A6BF2FA5-779A-4F8A-8872-38215822809A}.Debug|Any CPU.ActiveCfg = Debug|Any CPU
		{A6BF2FA5-779A-4F8A-8872-38215822809A}.Debug|Any CPU.Build.0 = Debug|Any CPU
		{A6BF2FA5-779A-4F8A-8872-38215822809A}.Release|Any CPU.ActiveCfg = Release|Any CPU
		{A6BF2FA5-779A-4F8A-8872-38215822809A}.Release|Any CPU.Build.0 = Release|Any CPU
		{42312DD4-C0D1-4287-AD91-203A5FABBEA1}.Debug|Any CPU.ActiveCfg = Debug|Any CPU
		{42312DD4-C0D1-4287-AD91-203A5FABBEA1}.Debug|Any CPU.Build.0 = Debug|Any CPU
		{42312DD4-C0D1-4287-AD91-203A5FABBEA1}.Release|Any CPU.ActiveCfg = Release|Any CPU
		{42312DD4-C0D1-4287-AD91-203A5FABBEA1}.Release|Any CPU.Build.0 = Release|Any CPU
	EndGlobalSection
	GlobalSection(SolutionProperties) = preSolution
		HideSolutionNode = FALSE
	EndGlobalSection
	GlobalSection(NestedProjects) = preSolution
		{3FD63A54-C17C-437D-A9EB-67B8513EFE30} = {7F6DB1EE-83E0-4F10-B1A4-1A637425FF83}
		{707BFC5D-FF6E-4AF7-AAF8-42EBBDB63F19} = {3FD63A54-C17C-437D-A9EB-67B8513EFE30}
		{1395605E-8BF4-41AA-979D-8285D1847DA8} = {7F6DB1EE-83E0-4F10-B1A4-1A637425FF83}
		{326708CA-CBF3-490B-82AD-26C7380608EF} = {1395605E-8BF4-41AA-979D-8285D1847DA8}
		{951720D9-E1C1-4E20-9A73-C4E23F4C3AAF} = {7F6DB1EE-83E0-4F10-B1A4-1A637425FF83}
		{87616605-D520-4B04-B88C-58D5D2091774} = {951720D9-E1C1-4E20-9A73-C4E23F4C3AAF}
		{9CB8BBCA-8524-4EB9-896E-BAA1A5C25867} = {87616605-D520-4B04-B88C-58D5D2091774}
		{9703539B-C930-43FB-86AF-FAF996CF4CD6} = {951720D9-E1C1-4E20-9A73-C4E23F4C3AAF}
		{022B8DE1-774E-400D-95AC-ACEDEDB5B758} = {9703539B-C930-43FB-86AF-FAF996CF4CD6}
		{FE11BBBE-EDF4-4235-903A-96FCC34FCE65} = {7F6DB1EE-83E0-4F10-B1A4-1A637425FF83}
		{A4F46AF5-B281-4173-A6DB-112787D4D7CE} = {FE11BBBE-EDF4-4235-903A-96FCC34FCE65}
		{76F7DEB3-2FF8-4244-A93C-B4FCACAF631A} = {FE11BBBE-EDF4-4235-903A-96FCC34FCE65}
		{A6BF2FA5-779A-4F8A-8872-38215822809A} = {4A6BCE92-3D86-49EA-9C62-BE59CC2A83DD}
		{42312DD4-C0D1-4287-AD91-203A5FABBEA1} = {9BCF3309-1090-4F97-82D6-2A4EE5E28268}
	EndGlobalSection
EndGlobal
